
Microsoft Visual Studio Solution File, Format Version 12.00
# Visual Studio Version 17
VisualStudioVersion = 17.6.33723.286
MinimumVisualStudioVersion = 10.0.40219.1
Project("{8BC9CEB8-8B4A-11D0-8D11-00A0C91BC942}") = "Syntax", "Syntax\Syntax.vcxproj", "{791E5C25-0509-4891-B45C-18EF667F83F0}"
EndProject
Project("{8BC9CEB8-8B4A-11D0-8D11-00A0C91BC942}") = "Lexeme", "Lexeme\Lexeme.vcxproj", "{446F0F11-1A6F-422B-BDCC-DF0D67B8D806}"
EndProject
Project("{8BC9CEB8-8B4A-11D0-8D11-00A0C91BC942}") = "LL_1", "LL_1\LL_1.vcxproj", "{01425540-42E1-452F-B777-2482643E7F00}"
EndProject
Project("{8BC9CEB8-8B4A-11D0-8D11-00A0C91BC942}") = "OpPriorGram", "OpPriorGram\OpPriorGram.vcxproj", "{89B99F0F-0C10-41A2-8ACE-396F1B575CFA}"
EndProject
Project("{8BC9CEB8-8B4A-11D0-8D11-00A0C91BC942}") = "SLR(1)", "SLR(1)\SLR(1).vcxproj", "{8A0A3B15-4350-43A4-B496-D6C5D639C051}"
EndProject
Global
	GlobalSection(SolutionConfigurationPlatforms) = preSolution
		Debug|x64 = Debug|x64
		Debug|x86 = Debug|x86
		Release|x64 = Release|x64
		Release|x86 = Release|x86
	EndGlobalSection
	GlobalSection(ProjectConfigurationPlatforms) = postSolution
		{791E5C25-0509-4891-B45C-18EF667F83F0}.Debug|x64.ActiveCfg = Debug|x64
		{791E5C25-0509-4891-B45C-18EF667F83F0}.Debug|x64.Build.0 = Debug|x64
		{791E5C25-0509-4891-B45C-18EF667F83F0}.Debug|x86.ActiveCfg = Debug|Win32
		{791E5C25-0509-4891-B45C-18EF667F83F0}.Debug|x86.Build.0 = Debug|Win32
		{791E5C25-0509-4891-B45C-18EF667F83F0}.Release|x64.ActiveCfg = Release|x64
		{791E5C25-0509-4891-B45C-18EF667F83F0}.Release|x64.Build.0 = Release|x64
		{791E5C25-0509-4891-B45C-18EF667F83F0}.Release|x86.ActiveCfg = Release|Win32
		{791E5C25-0509-4891-B45C-18EF667F83F0}.Release|x86.Build.0 = Release|Win32
		{446F0F11-1A6F-422B-BDCC-DF0D67B8D806}.Debug|x64.ActiveCfg = Debug|x64
		{446F0F11-1A6F-422B-BDCC-DF0D67B8D806}.Debug|x64.Build.0 = Debug|x64
		{446F0F11-1A6F-422B-BDCC-DF0D67B8D806}.Debug|x86.ActiveCfg = Debug|Win32
		{446F0F11-1A6F-422B-BDCC-DF0D67B8D806}.Debug|x86.Build.0 = Debug|Win32
		{446F0F11-1A6F-422B-BDCC-DF0D67B8D806}.Release|x64.ActiveCfg = Release|x64
		{446F0F11-1A6F-422B-BDCC-DF0D67B8D806}.Release|x64.Build.0 = Release|x64
		{446F0F11-1A6F-422B-BDCC-DF0D67B8D806}.Release|x86.ActiveCfg = Release|Win32
		{446F0F11-1A6F-422B-BDCC-DF0D67B8D806}.Release|x86.Build.0 = Release|Win32
		{01425540-42E1-452F-B777-2482643E7F00}.Debug|x64.ActiveCfg = Debug|x64
		{01425540-42E1-452F-B777-2482643E7F00}.Debug|x64.Build.0 = Debug|x64
		{01425540-42E1-452F-B777-2482643E7F00}.Debug|x86.ActiveCfg = Debug|Win32
		{01425540-42E1-452F-B777-2482643E7F00}.Debug|x86.Build.0 = Debug|Win32
		{01425540-42E1-452F-B777-2482643E7F00}.Release|x64.ActiveCfg = Release|x64
		{01425540-42E1-452F-B777-2482643E7F00}.Release|x64.Build.0 = Release|x64
		{01425540-42E1-452F-B777-2482643E7F00}.Release|x86.ActiveCfg = Release|Win32
		{01425540-42E1-452F-B777-2482643E7F00}.Release|x86.Build.0 = Release|Win32
		{89B99F0F-0C10-41A2-8ACE-396F1B575CFA}.Debug|x64.ActiveCfg = Debug|x64
		{89B99F0F-0C10-41A2-8ACE-396F1B575CFA}.Debug|x64.Build.0 = Debug|x64
		{89B99F0F-0C10-41A2-8ACE-396F1B575CFA}.Debug|x86.ActiveCfg = Debug|Win32
		{89B99F0F-0C10-41A2-8ACE-396F1B575CFA}.Debug|x86.Build.0 = Debug|Win32
		{89B99F0F-0C10-41A2-8ACE-396F1B575CFA}.Release|x64.ActiveCfg = Release|x64
		{89B99F0F-0C10-41A2-8ACE-396F1B575CFA}.Release|x64.Build.0 = Release|x64
		{89B99F0F-0C10-41A2-8ACE-396F1B575CFA}.Release|x86.ActiveCfg = Release|Win32
		{89B99F0F-0C10-41A2-8ACE-396F1B575CFA}.Release|x86.Build.0 = Release|Win32
		{8A0A3B15-4350-43A4-B496-D6C5D639C051}.Debug|x64.ActiveCfg = Debug|x64
		{8A0A3B15-4350-43A4-B496-D6C5D639C051}.Debug|x64.Build.0 = Debug|x64
		{8A0A3B15-4350-43A4-B496-D6C5D639C051}.Debug|x86.ActiveCfg = Debug|Win32
		{8A0A3B15-4350-43A4-B496-D6C5D639C051}.Debug|x86.Build.0 = Debug|Win32
		{8A0A3B15-4350-43A4-B496-D6C5D639C051}.Release|x64.ActiveCfg = Release|x64
		{8A0A3B15-4350-43A4-B496-D6C5D639C051}.Release|x64.Build.0 = Release|x64
		{8A0A3B15-4350-43A4-B496-D6C5D639C051}.Release|x86.ActiveCfg = Release|Win32
		{8A0A3B15-4350-43A4-B496-D6C5D639C051}.Release|x86.Build.0 = Release|Win32
	EndGlobalSection
	GlobalSection(SolutionProperties) = preSolution
		HideSolutionNode = FALSE
	EndGlobalSection
	GlobalSection(ExtensibilityGlobals) = postSolution
		SolutionGuid = {C4411C73-86C0-4F34-A9A8-D66F857ADEC2}
	EndGlobalSection
EndGlobal
